hyphy_out/WNV_Genomes_FUBAR
MSA/WNV_Genomes_fixed_aligned.msa
tree/WNV_Genomes_fixed_tree
Intermediates/WNV_Genomes_fixed_intermediate.msa
Intermediates/WNV_Genomes_fixed.fasta_nuc.fas
Intermediates/WNV_Genomes_fixed.fasta_protein.fas
Intermediates/WNV_Genomes_fixed.fasta
Viral_Sequence_Data/Reference.fasta
Viral_Sequence_Data/WNV_Genomes.fasta
MSA/WNV_Genomes_fixed_aligned.msa
