hyphy_out/WNV_Genomes_aligned.msa.FUBAR.json
MSA/WNV_Genomes_aligned.msa
tree/WNV_Genomes_tree
MSA/WNV_Genomes_intermediate.msa
Viral_Sequence_Data/WNV_Genomes_fixed.fasta_nuc.fas
Viral_Sequence_Data/WNV_Genomes_fixed.fasta_protein.fas
Viral_Sequence_Data/WNV_Genomes_fixed.fasta
Viral_Sequence_Data/Reference.fasta
Viral_Sequence_Data/WNV_Genomes.fasta
MSA/WNV_Genomes_aligned.msa
